// !$*UTF8*$!
{
	archiveVersion = 1;
	classes = {
	};
	objectVersion = 77;
	objects = {

/* Begin PBXBuildFile section */
		00D9491C059C091F4ED12436 /* EventPhotoModels.swift in Sources */ = {isa = PBXBuildFile; fileRef = 8405AA276AA16CA8C5C71B98 /* EventPhotoModels.swift */; };
		01A61E5C53ACF904BE988EF8 /* MosaicPaywallView.swift in Sources */ = {isa = PBXBuildFile; fileRef = EC812A800908552E8CFE7C6A /* MosaicPaywallView.swift */; };
		05690C0806E452C85B17E2F9 /* MosaicBoards.swift in Sources */ = {isa = PBXBuildFile; fileRef = D6E1AB1089352D467E60EF41 /* MosaicBoards.swift */; };
		0AFF7EE505F3D1A5246E5AC8 /* KindnessModels.swift in Sources */ = {isa = PBXBuildFile; fileRef = 324C1A2929F6A279CD2F4531 /* KindnessModels.swift */; };
		0F406555C7556532F4299170 /* summer.mp3 in Resources */ = {isa = PBXBuildFile; fileRef = CD1320C580DDCF0EF46CE0A0 /* summer.mp3 */; };
		11714194CDCB37B8C985AEC8 /* ArtworkRevealModels.swift in Sources */ = {isa = PBXBuildFile; fileRef = 01A4D9B61CF1E87A40233B46 /* ArtworkRevealModels.swift */; };
		11A6056184C50233CD5D5444 /* KindnessViews.swift in Sources */ = {isa = PBXBuildFile; fileRef = 695010D553DF6E38A37FD0EF /* KindnessViews.swift */; };
		11C50F6A169DAA7D2E01D448 /* CameraCaptureController.swift in Sources */ = {isa = PBXBuildFile; fileRef = 6B90602656FF1E71E3CBCAC3 /* CameraCaptureController.swift */; };
		1B8D51B378ECD545DF1D0482 /* MosaicAppModel.swift in Sources */ = {isa = PBXBuildFile; fileRef = E96307D9D976FB879EF6D7AE /* MosaicAppModel.swift */; };
		1CBDA52C2E4B5AF7F1A9D793 /* MosaicCeremonyStores.swift in Sources */ = {isa = PBXBuildFile; fileRef = 5548A36B34320EAA4600F453 /* MosaicCeremonyStores.swift */; };
		22885C460D0FB54150760246 /* ShotLedger.swift in Sources */ = {isa = PBXBuildFile; fileRef = 743B0ABD88ED30FE2CA1CD68 /* ShotLedger.swift */; };
		26BBDA5A7AFDFA15F95FC412 /* zone.mp3 in Resources */ = {isa = PBXBuildFile; fileRef = 83EC718E388D5AAACB566BD8 /* zone.mp3 */; };
		270D76B9D9A488F0E51BB271 /* AppleNonce.swift in Sources */ = {isa = PBXBuildFile; fileRef = 0A07638BD81BA5633A7D5CB3 /* AppleNonce.swift */; };
		2A2AE8380E9E774F3D9D3791 /* YouView.swift in Sources */ = {isa = PBXBuildFile; fileRef = 0E11E0119B3AC03BB2DCB687 /* YouView.swift */; };
		2AB73D7273C17FF58CA3F44B /* PrivacyInfo.xcprivacy in Resources */ = {isa = PBXBuildFile; fileRef = 38AFD44F417E0B14B9A0E242 /* PrivacyInfo.xcprivacy */; };
		2DF2FE849FD18215BF0047ED /* PhotoGalleryView.swift in Sources */ = {isa = PBXBuildFile; fileRef = 268DE48A9B3CF7AC2BEF56F1 /* PhotoGalleryView.swift */; };
		33F443E3852AF9E72905F9FB /* SessionStoreTests.swift in Sources */ = {isa = PBXBuildFile; fileRef = 62CD7783C4B19A1A6CBFDEA7 /* SessionStoreTests.swift */; };
		38421DA4392A121693DE69BB /* CreateMosaicView.swift in Sources */ = {isa = PBXBuildFile; fileRef = 38E05D84475436B5EB920201 /* CreateMosaicView.swift */; };
		3A4B063FE9F189200AD40E48 /* BillingStore.swift in Sources */ = {isa = PBXBuildFile; fileRef = 7F656FCF86B2D4C0E8C80D15 /* BillingStore.swift */; };
		43BA04C0960CB4B26F63E730 /* PhotoRecapRenderer.swift in Sources */ = {isa = PBXBuildFile; fileRef = D9010EDF14E436CE1CEE18D8 /* PhotoRecapRenderer.swift */; };
		4C9FF26E66C1777CE065E08A /* ArtworkRevealCache.swift in Sources */ = {isa = PBXBuildFile; fileRef = 3B19788840710D6D643B0C25 /* ArtworkRevealCache.swift */; };
		5430F0F03262767B265C2248 /* EditMosaicView.swift in Sources */ = {isa = PBXBuildFile; fileRef = 0F0C19DBD5ABDAC52556F149 /* EditMosaicView.swift */; };
		5610DDCA5DF05C0570376D15 /* BillingModels.swift in Sources */ = {isa = PBXBuildFile; fileRef = BA012151B9ECED5F0DACAB28 /* BillingModels.swift */; };
		57B41DFBD2592FC8BE58C201 /* SensitivePhotoAnalyzer.swift in Sources */ = {isa = PBXBuildFile; fileRef = 9DD380D7236D7175340D9CFE /* SensitivePhotoAnalyzer.swift */; };
		5DA9D850C4E5272C097E8305 /* CoreComponents.swift in Sources */ = {isa = PBXBuildFile; fileRef = 2989954B5898BAB015EC0758 /* CoreComponents.swift */; };
		5F625B6E35783065AEE536FE /* RevenueCat in Frameworks */ = {isa = PBXBuildFile; productRef = D7441EBCAD7132497B97D6D8 /* RevenueCat */; };
		6009603980C440BD410693EE /* MosaicCeremonyTests.swift in Sources */ = {isa = PBXBuildFile; fileRef = CF5624F0E6E884DACB5FB900 /* MosaicCeremonyTests.swift */; };
		61BB0A196521DC116DBF03C4 /* JoinMosaicView.swift in Sources */ = {isa = PBXBuildFile; fileRef = 832FAF0A0760BF74AD912612 /* JoinMosaicView.swift */; };
		678495AA9911B4E0BD734B4F /* MosaicFlowUITests.swift in Sources */ = {isa = PBXBuildFile; fileRef = 04AA5F76989ACF7DF2775E56 /* MosaicFlowUITests.swift */; };
		688CB93C62547AA0DCBDAC62 /* rise.mp3 in Resources */ = {isa = PBXBuildFile; fileRef = 99FB8F456F7DF48E51EBF06D /* rise.mp3 */; };
		6AA86718548947286165A619 /* Fraunces72ptSoft-SemiBold.ttf in Resources */ = {isa = PBXBuildFile; fileRef = 34F5FA1882E23669931E2192 /* Fraunces72ptSoft-SemiBold.ttf */; };
		73C7C589929B586AF14BD75E /* MosaicFeedback.swift in Sources */ = {isa = PBXBuildFile; fileRef = B5CC74777F43E9D8F17C1D49 /* MosaicFeedback.swift */; };
		7BABECCA66A23E1F2DB9D552 /* MosaicAPI.swift in Sources */ = {isa = PBXBuildFile; fileRef = 8A55086790D0F0DF5EFA66BB /* MosaicAPI.swift */; };
		7C8379AAF7322F72777FEAD2 /* SupabaseMosaicAPI.swift in Sources */ = {isa = PBXBuildFile; fileRef = E03288782F4B271AE43F82F1 /* SupabaseMosaicAPI.swift */; };
		803CF28E63C36AA87109B7FA /* CreativeDraftStore.swift in Sources */ = {isa = PBXBuildFile; fileRef = 98A9213ACFEB642E7A5A9846 /* CreativeDraftStore.swift */; };
		859ACC190098EA1A35145225 /* DisposableCameraFilter.swift in Sources */ = {isa = PBXBuildFile; fileRef = 11E6117DE84F0A8A732F0EBA /* DisposableCameraFilter.swift */; };
		87D82CA20C3FBBE1BF426F1A /* PhotoRecapBuilderView.swift in Sources */ = {isa = PBXBuildFile; fileRef = 6EF0015FE33EFA745A1A83C0 /* PhotoRecapBuilderView.swift */; };
		893C1D8B6100A94931550C90 /* MosaicSupabase.swift in Sources */ = {isa = PBXBuildFile; fileRef = D7283FE20A288E91BE4B23D5 /* MosaicSupabase.swift */; };
		8977D2AF82915193420DFBA3 /* PhotoDiskStoreTests.swift in Sources */ = {isa = PBXBuildFile; fileRef = 928294F02C91BCA8CAEC765E /* PhotoDiskStoreTests.swift */; };
		8A0BFD8767223E87AE744DCB /* RevenueCatBillingService.swift in Sources */ = {isa = PBXBuildFile; fileRef = FD94C24839A42B48EB4BFF4D /* RevenueCatBillingService.swift */; };
		A056D84CE79DD2C386FA0561 /* MosaicV3App.swift in Sources */ = {isa = PBXBuildFile; fileRef = D95F47FD156655E6B6C8CB58 /* MosaicV3App.swift */; };
		A52108B56AB6B46335A7BCF0 /* MosaicRouterTests.swift in Sources */ = {isa = PBXBuildFile; fileRef = 4E04A6798511D2484379DFC2 /* MosaicRouterTests.swift */; };
		A6A62930D15F9341AF1461FC /* ShotLedgerTests.swift in Sources */ = {isa = PBXBuildFile; fileRef = DAE4FD23976BC42503ADD248 /* ShotLedgerTests.swift */; };
		A7C095898C29244B2E8BAD5E /* fresh.mp3 in Resources */ = {isa = PBXBuildFile; fileRef = AA13C4ADDBE2C7601347CA6F /* fresh.mp3 */; };
		A994C4B1AE17D08A1BA26B62 /* Fraunces72ptSoft-Bold.ttf in Resources */ = {isa = PBXBuildFile; fileRef = 7A14B2E862265F9B959D28DD /* Fraunces72ptSoft-Bold.ttf */; };
		AC16A171EF7F8ED6B762A64D /* anywhere.mp3 in Resources */ = {isa = PBXBuildFile; fileRef = 97CF91BC2C0037518215CEF3 /* anywhere.mp3 */; };
		AE358AD26A019385B2698C93 /* SignInView.swift in Sources */ = {isa = PBXBuildFile; fileRef = D9EC96EC0FD6A5BC117FF030 /* SignInView.swift */; };
		B0F8D501E577CC0694E500D9 /* MosaicRootView.swift in Sources */ = {isa = PBXBuildFile; fileRef = D8DFA16D4904C0664C442528 /* MosaicRootView.swift */; };
		B18FBDDFB30E2AE3C6DD3C9C /* MosaicsHomeView.swift in Sources */ = {isa = PBXBuildFile; fileRef = 1A076CB9FB1C9807D369AFCC /* MosaicsHomeView.swift */; };
		B61CE785CF98D83D1632188B /* PhotoDiskStore.swift in Sources */ = {isa = PBXBuildFile; fileRef = C255AF7536E25528092AE5EE /* PhotoDiskStore.swift */; };
		B9CADF34B80DDDFE241B8B55 /* MosaicRoute.swift in Sources */ = {isa = PBXBuildFile; fileRef = BBDF3C7643EBD688F9485E40 /* MosaicRoute.swift */; };
		BCF83F8D25D212CEAB37DE45 /* Supabase in Frameworks */ = {isa = PBXBuildFile; productRef = 615230DFE2B2B119766440EE /* Supabase */; };
		C077A28D9D18F6F8E39105FF /* DisposableCameraFilterV3Tests.swift in Sources */ = {isa = PBXBuildFile; fileRef = 7B29F69292F8CE84FFA3566C /* DisposableCameraFilterV3Tests.swift */; };
		C27D3E725D985AB2428D1611 /* Assets.xcassets in Resources */ = {isa = PBXBuildFile; fileRef = 944596C8BA5E4EEB212DFA24 /* Assets.xcassets */; };
		C3B9235B41400827EFFBF9FA /* Fraunces72ptSoft-Regular.ttf in Resources */ = {isa = PBXBuildFile; fileRef = E0DF350BDEA987AFDA3654A3 /* Fraunces72ptSoft-Regular.ttf */; };
		C4048FB44965B7C8939F86F0 /* MosaicDomainTests.swift in Sources */ = {isa = PBXBuildFile; fileRef = DDB79E0B3FC7C095141049EC /* MosaicDomainTests.swift */; };
		CC3D71E5FF629317E52ECE63 /* ArtworkRevealCacheTests.swift in Sources */ = {isa = PBXBuildFile; fileRef = B8C2C3A81B96E02AB01EBAE8 /* ArtworkRevealCacheTests.swift */; };
		D6C40250674381FEAAA5E9B3 /* MosaicTheme.swift in Sources */ = {isa = PBXBuildFile; fileRef = 4B75E87D8BB006B2F9D408B2 /* MosaicTheme.swift */; };
		D7D8A9191667B6DA500A68D2 /* EventCameraView.swift in Sources */ = {isa = PBXBuildFile; fileRef = FBA23F6768BA44F5D75DB46A /* EventCameraView.swift */; };
		D7DE9972CBF1D485A3C6C50C /* CameraStore.swift in Sources */ = {isa = PBXBuildFile; fileRef = 5746E0E07C0B266864424AE5 /* CameraStore.swift */; };
		DCE9373147B9AF51DE1D803B /* MosaicDetailStore.swift in Sources */ = {isa = PBXBuildFile; fileRef = 0F360DA9461B3B31E038D3D6 /* MosaicDetailStore.swift */; };
		DD62C78E5AA9587D10241B83 /* MosaicModels.swift in Sources */ = {isa = PBXBuildFile; fileRef = 4C07BA24EB8814EE129BD400 /* MosaicModels.swift */; };
		E2219D6009617967B8733843 /* PhotoRecapTests.swift in Sources */ = {isa = PBXBuildFile; fileRef = B2A5B08AC112FFDABEECE5C7 /* PhotoRecapTests.swift */; };
		E2DB6188800834A70FDC54F6 /* MusicManifest.json in Resources */ = {isa = PBXBuildFile; fileRef = 668A5253D6793FBEF0B7E24C /* MusicManifest.json */; };
		E2DBD15E82787C376734988E /* spark.mp3 in Resources */ = {isa = PBXBuildFile; fileRef = 8CF98203B54C8A13983B2F9E /* spark.mp3 */; };
		E7976D6BB99A4260B195EE09 /* PhotoRecapModels.swift in Sources */ = {isa = PBXBuildFile; fileRef = 7768D6A51DF52D3AA0892A9D /* PhotoRecapModels.swift */; };
		EAF65CBC1DECA4CF73D97771 /* MosaicShowcase.swift in Sources */ = {isa = PBXBuildFile; fileRef = 20AECA3BC21A67B782AE5A23 /* MosaicShowcase.swift */; };
		ED38D23ABBEEFDCA0F02301D /* MosaicPrivateStateTests.swift in Sources */ = {isa = PBXBuildFile; fileRef = 3BB46783C1FE18D846367D28 /* MosaicPrivateStateTests.swift */; };
		F39BF130A16D777348F587F2 /* BillingTests.swift in Sources */ = {isa = PBXBuildFile; fileRef = 49F68F2C6362B3F00D226487 /* BillingTests.swift */; };
		F58EDEA67EA92F0DB53AD33C /* MosaicLibraryStore.swift in Sources */ = {isa = PBXBuildFile; fileRef = 28CD8C7A39BEF33829EF03F4 /* MosaicLibraryStore.swift */; };
		F605D23F74E7A84B283CDFB4 /* MosaicEventView.swift in Sources */ = {isa = PBXBuildFile; fileRef = CF10C927F51EE087E897D627 /* MosaicEventView.swift */; };
		FE52CD676DCD3F4EF87B43F1 /* SessionStore.swift in Sources */ = {isa = PBXBuildFile; fileRef = 4E2216BCC903355C6F118A56 /* SessionStore.swift */; };
/* End PBXBuildFile section */

/* Begin PBXContainerItemProxy section */
		3989F46F96DCC86AD5C64AE7 /* PBXContainerItemProxy */ = {
			isa = PBXContainerItemProxy;
			containerPortal = CFB5A8D7D5E9600E23EAA04E /* Project object */;
			proxyType = 1;
			remoteGlobalIDString = CF261331CEC9474675E64FD3;
			remoteInfo = Mosaic;
		};
		B079B547470315AD4DAAA791 /* PBXContainerItemProxy */ = {
			isa = PBXContainerItemProxy;
			containerPortal = CFB5A8D7D5E9600E23EAA04E /* Project object */;
			proxyType = 1;
			remoteGlobalIDString = CF261331CEC9474675E64FD3;
			remoteInfo = Mosaic;
		};
/* End PBXContainerItemProxy section */

/* Begin PBXFileReference section */
		01A4D9B61CF1E87A40233B46 /* ArtworkRevealModels.swift */ = {isa = PBXFileReference; lastKnownFileType = sourcecode.swift; path = ArtworkRevealModels.swift; sourceTree = "<group>"; };
		04AA5F76989ACF7DF2775E56 /* MosaicFlowUITests.swift */ = {isa = PBXFileReference; lastKnownFileType = sourcecode.swift; path = MosaicFlowUITests.swift; sourceTree = "<group>"; };
		0A07638BD81BA5633A7D5CB3 /* AppleNonce.swift */ = {isa = PBXFileReference; lastKnownFileType = sourcecode.swift; path = AppleNonce.swift; sourceTree = "<group>"; };
		0E11E0119B3AC03BB2DCB687 /* YouView.swift */ = {isa = PBXFileReference; lastKnownFileType = sourcecode.swift; path = YouView.swift; sourceTree = "<group>"; };
		0ED7C325BE77B5334DF90A35 /* Shipaton.xcconfig */ = {isa = PBXFileReference; lastKnownFileType = text.xcconfig; path = Shipaton.xcconfig; sourceTree = "<group>"; };
		0F0C19DBD5ABDAC52556F149 /* EditMosaicView.swift */ = {isa = PBXFileReference; lastKnownFileType = sourcecode.swift; path = EditMosaicView.swift; sourceTree = "<group>"; };
		0F360DA9461B3B31E038D3D6 /* MosaicDetailStore.swift */ = {isa = PBXFileReference; lastKnownFileType = sourcecode.swift; path = MosaicDetailStore.swift; sourceTree = "<group>"; };
		11E6117DE84F0A8A732F0EBA /* DisposableCameraFilter.swift */ = {isa = PBXFileReference; lastKnownFileType = sourcecode.swift; path = DisposableCameraFilter.swift; sourceTree = "<group>"; };
		1A076CB9FB1C9807D369AFCC /* MosaicsHomeView.swift */ = {isa = PBXFileReference; lastKnownFileType = sourcecode.swift; path = MosaicsHomeView.swift; sourceTree = "<group>"; };
		20AECA3BC21A67B782AE5A23 /* MosaicShowcase.swift */ = {isa = PBXFileReference; lastKnownFileType = sourcecode.swift; path = MosaicShowcase.swift; sourceTree = "<group>"; };
		268DE48A9B3CF7AC2BEF56F1 /* PhotoGalleryView.swift */ = {isa = PBXFileReference; lastKnownFileType = sourcecode.swift; path = PhotoGalleryView.swift; sourceTree = "<group>"; };
		28CD8C7A39BEF33829EF03F4 /* MosaicLibraryStore.swift */ = {isa = PBXFileReference; lastKnownFileType = sourcecode.swift; path = MosaicLibraryStore.swift; sourceTree = "<group>"; };
		2989954B5898BAB015EC0758 /* CoreComponents.swift */ = {isa = PBXFileReference; lastKnownFileType = sourcecode.swift; path = CoreComponents.swift; sourceTree = "<group>"; };
		324C1A2929F6A279CD2F4531 /* KindnessModels.swift */ = {isa = PBXFileReference; lastKnownFileType = sourcecode.swift; path = KindnessModels.swift; sourceTree = "<group>"; };
		34F5FA1882E23669931E2192 /* Fraunces72ptSoft-SemiBold.ttf */ = {isa = PBXFileReference; lastKnownFileType = file; path = "Fraunces72ptSoft-SemiBold.ttf"; sourceTree = "<group>"; };
		38AFD44F417E0B14B9A0E242 /* PrivacyInfo.xcprivacy */ = {isa = PBXFileReference; path = PrivacyInfo.xcprivacy; sourceTree = "<group>"; };
		38E05D84475436B5EB920201 /* CreateMosaicView.swift */ = {isa = PBXFileReference; lastKnownFileType = sourcecode.swift; path = CreateMosaicView.swift; sourceTree = "<group>"; };
		3B19788840710D6D643B0C25 /* ArtworkRevealCache.swift */ = {isa = PBXFileReference; lastKnownFileType = sourcecode.swift; path = ArtworkRevealCache.swift; sourceTree = "<group>"; };
		3BB46783C1FE18D846367D28 /* MosaicPrivateStateTests.swift */ = {isa = PBXFileReference; lastKnownFileType = sourcecode.swift; path = MosaicPrivateStateTests.swift; sourceTree = "<group>"; };
		46BE0753552E543A7768D0BB /* Mosaic.app */ = {isa = PBXFileReference; includeInIndex = 0; lastKnownFileType = wrapper.application; path = Mosaic.app; sourceTree = BUILT_PRODUCTS_DIR; };
		4852A50D45AD5D04B5868E9A /* AppStore.xcconfig */ = {isa = PBXFileReference; lastKnownFileType = text.xcconfig; path = AppStore.xcconfig; sourceTree = "<group>"; };
		49F68F2C6362B3F00D226487 /* BillingTests.swift */ = {isa = PBXFileReference; lastKnownFileType = sourcecode.swift; path = BillingTests.swift; sourceTree = "<group>"; };
		4A71ED4321FF692DB8A16330 /* MosaicUITests.xctest */ = {isa = PBXFileReference; includeInIndex = 0; lastKnownFileType = wrapper.cfbundle; path = MosaicUITests.xctest; sourceTree = BUILT_PRODUCTS_DIR; };
		4B75E87D8BB006B2F9D408B2 /* MosaicTheme.swift */ = {isa = PBXFileReference; lastKnownFileType = sourcecode.swift; path = MosaicTheme.swift; sourceTree = "<group>"; };
		4C07BA24EB8814EE129BD400 /* MosaicModels.swift */ = {isa = PBXFileReference; lastKnownFileType = sourcecode.swift; path = MosaicModels.swift; sourceTree = "<group>"; };
		4E04A6798511D2484379DFC2 /* MosaicRouterTests.swift */ = {isa = PBXFileReference; lastKnownFileType = sourcecode.swift; path = MosaicRouterTests.swift; sourceTree = "<group>"; };
		4E2216BCC903355C6F118A56 /* SessionStore.swift */ = {isa = PBXFileReference; lastKnownFileType = sourcecode.swift; path = SessionStore.swift; sourceTree = "<group>"; };
		5548A36B34320EAA4600F453 /* MosaicCeremonyStores.swift */ = {isa = PBXFileReference; lastKnownFileType = sourcecode.swift; path = MosaicCeremonyStores.swift; sourceTree = "<group>"; };
		5746E0E07C0B266864424AE5 /* CameraStore.swift */ = {isa = PBXFileReference; lastKnownFileType = sourcecode.swift; path = CameraStore.swift; sourceTree = "<group>"; };
		62CD7783C4B19A1A6CBFDEA7 /* SessionStoreTests.swift */ = {isa = PBXFileReference; lastKnownFileType = sourcecode.swift; path = SessionStoreTests.swift; sourceTree = "<group>"; };
		668A5253D6793FBEF0B7E24C /* MusicManifest.json */ = {isa = PBXFileReference; lastKnownFileType = text.json; path = MusicManifest.json; sourceTree = "<group>"; };
		695010D553DF6E38A37FD0EF /* KindnessViews.swift */ = {isa = PBXFileReference; lastKnownFileType = sourcecode.swift; path = KindnessViews.swift; sourceTree = "<group>"; };
		6B90602656FF1E71E3CBCAC3 /* CameraCaptureController.swift */ = {isa = PBXFileReference; lastKnownFileType = sourcecode.swift; path = CameraCaptureController.swift; sourceTree = "<group>"; };
		6EF0015FE33EFA745A1A83C0 /* PhotoRecapBuilderView.swift */ = {isa = PBXFileReference; lastKnownFileType = sourcecode.swift; path = PhotoRecapBuilderView.swift; sourceTree = "<group>"; };
		743B0ABD88ED30FE2CA1CD68 /* ShotLedger.swift */ = {isa = PBXFileReference; lastKnownFileType = sourcecode.swift; path = ShotLedger.swift; sourceTree = "<group>"; };
		7768D6A51DF52D3AA0892A9D /* PhotoRecapModels.swift */ = {isa = PBXFileReference; lastKnownFileType = sourcecode.swift; path = PhotoRecapModels.swift; sourceTree = "<group>"; };
		7A14B2E862265F9B959D28DD /* Fraunces72ptSoft-Bold.ttf */ = {isa = PBXFileReference; lastKnownFileType = file; path = "Fraunces72ptSoft-Bold.ttf"; sourceTree = "<group>"; };
		7B29F69292F8CE84FFA3566C /* DisposableCameraFilterV3Tests.swift */ = {isa = PBXFileReference; lastKnownFileType = sourcecode.swift; path = DisposableCameraFilterV3Tests.swift; sourceTree = "<group>"; };
		7F656FCF86B2D4C0E8C80D15 /* BillingStore.swift */ = {isa = PBXFileReference; lastKnownFileType = sourcecode.swift; path = BillingStore.swift; sourceTree = "<group>"; };
		832FAF0A0760BF74AD912612 /* JoinMosaicView.swift */ = {isa = PBXFileReference; lastKnownFileType = sourcecode.swift; path = JoinMosaicView.swift; sourceTree = "<group>"; };
		83EC718E388D5AAACB566BD8 /* zone.mp3 */ = {isa = PBXFileReference; lastKnownFileType = audio.mp3; path = zone.mp3; sourceTree = "<group>"; };
		8405AA276AA16CA8C5C71B98 /* EventPhotoModels.swift */ = {isa = PBXFileReference; lastKnownFileType = sourcecode.swift; path = EventPhotoModels.swift; sourceTree = "<group>"; };
		8A55086790D0F0DF5EFA66BB /* MosaicAPI.swift */ = {isa = PBXFileReference; lastKnownFileType = sourcecode.swift; path = MosaicAPI.swift; sourceTree = "<group>"; };
		8CF98203B54C8A13983B2F9E /* spark.mp3 */ = {isa = PBXFileReference; lastKnownFileType = audio.mp3; path = spark.mp3; sourceTree = "<group>"; };
		928294F02C91BCA8CAEC765E /* PhotoDiskStoreTests.swift */ = {isa = PBXFileReference; lastKnownFileType = sourcecode.swift; path = PhotoDiskStoreTests.swift; sourceTree = "<group>"; };
		942C6DD1D10844FD3FD9CCEF /* Mosaic.entitlements */ = {isa = PBXFileReference; lastKnownFileType = text.plist.entitlements; path = Mosaic.entitlements; sourceTree = "<group>"; };
		944596C8BA5E4EEB212DFA24 /* Assets.xcassets */ = {isa = PBXFileReference; lastKnownFileType = folder.assetcatalog; path = Assets.xcassets; sourceTree = "<group>"; };
		97CF91BC2C0037518215CEF3 /* anywhere.mp3 */ = {isa = PBXFileReference; lastKnownFileType = audio.mp3; path = anywhere.mp3; sourceTree = "<group>"; };
		98A9213ACFEB642E7A5A9846 /* CreativeDraftStore.swift */ = {isa = PBXFileReference; lastKnownFileType = sourcecode.swift; path = CreativeDraftStore.swift; sourceTree = "<group>"; };
		99FB8F456F7DF48E51EBF06D /* rise.mp3 */ = {isa = PBXFileReference; lastKnownFileType = audio.mp3; path = rise.mp3; sourceTree = "<group>"; };
		9DD380D7236D7175340D9CFE /* SensitivePhotoAnalyzer.swift */ = {isa = PBXFileReference; lastKnownFileType = sourcecode.swift; path = SensitivePhotoAnalyzer.swift; sourceTree = "<group>"; };
		AA13C4ADDBE2C7601347CA6F /* fresh.mp3 */ = {isa = PBXFileReference; lastKnownFileType = audio.mp3; path = fresh.mp3; sourceTree = "<group>"; };
		B2A5B08AC112FFDABEECE5C7 /* PhotoRecapTests.swift */ = {isa = PBXFileReference; lastKnownFileType = sourcecode.swift; path = PhotoRecapTests.swift; sourceTree = "<group>"; };
		B5CC74777F43E9D8F17C1D49 /* MosaicFeedback.swift */ = {isa = PBXFileReference; lastKnownFileType = sourcecode.swift; path = MosaicFeedback.swift; sourceTree = "<group>"; };
		B8C2C3A81B96E02AB01EBAE8 /* ArtworkRevealCacheTests.swift */ = {isa = PBXFileReference; lastKnownFileType = sourcecode.swift; path = ArtworkRevealCacheTests.swift; sourceTree = "<group>"; };
		BA012151B9ECED5F0DACAB28 /* BillingModels.swift */ = {isa = PBXFileReference; lastKnownFileType = sourcecode.swift; path = BillingModels.swift; sourceTree = "<group>"; };
		BBDF3C7643EBD688F9485E40 /* MosaicRoute.swift */ = {isa = PBXFileReference; lastKnownFileType = sourcecode.swift; path = MosaicRoute.swift; sourceTree = "<group>"; };
		C255AF7536E25528092AE5EE /* PhotoDiskStore.swift */ = {isa = PBXFileReference; lastKnownFileType = sourcecode.swift; path = PhotoDiskStore.swift; sourceTree = "<group>"; };
		C59FFF674065747F91F88675 /* Info.plist */ = {isa = PBXFileReference; lastKnownFileType = text.plist; path = Info.plist; sourceTree = "<group>"; };
		CD1320C580DDCF0EF46CE0A0 /* summer.mp3 */ = {isa = PBXFileReference; lastKnownFileType = audio.mp3; path = summer.mp3; sourceTree = "<group>"; };
		CF10C927F51EE087E897D627 /* MosaicEventView.swift */ = {isa = PBXFileReference; lastKnownFileType = sourcecode.swift; path = MosaicEventView.swift; sourceTree = "<group>"; };
		CF5624F0E6E884DACB5FB900 /* MosaicCeremonyTests.swift */ = {isa = PBXFileReference; lastKnownFileType = sourcecode.swift; path = MosaicCeremonyTests.swift; sourceTree = "<group>"; };
		D6E1AB1089352D467E60EF41 /* MosaicBoards.swift */ = {isa = PBXFileReference; lastKnownFileType = sourcecode.swift; path = MosaicBoards.swift; sourceTree = "<group>"; };
		D7283FE20A288E91BE4B23D5 /* MosaicSupabase.swift */ = {isa = PBXFileReference; lastKnownFileType = sourcecode.swift; path = MosaicSupabase.swift; sourceTree = "<group>"; };
		D8DFA16D4904C0664C442528 /* MosaicRootView.swift */ = {isa = PBXFileReference; lastKnownFileType = sourcecode.swift; path = MosaicRootView.swift; sourceTree = "<group>"; };
		D9010EDF14E436CE1CEE18D8 /* PhotoRecapRenderer.swift */ = {isa = PBXFileReference; lastKnownFileType = sourcecode.swift; path = PhotoRecapRenderer.swift; sourceTree = "<group>"; };
		D95F47FD156655E6B6C8CB58 /* MosaicV3App.swift */ = {isa = PBXFileReference; lastKnownFileType = sourcecode.swift; path = MosaicV3App.swift; sourceTree = "<group>"; };
		D9EC96EC0FD6A5BC117FF030 /* SignInView.swift */ = {isa = PBXFileReference; lastKnownFileType = sourcecode.swift; path = SignInView.swift; sourceTree = "<group>"; };
		DAE4FD23976BC42503ADD248 /* ShotLedgerTests.swift */ = {isa = PBXFileReference; lastKnownFileType = sourcecode.swift; path = ShotLedgerTests.swift; sourceTree = "<group>"; };
		DDB79E0B3FC7C095141049EC /* MosaicDomainTests.swift */ = {isa = PBXFileReference; lastKnownFileType = sourcecode.swift; path = MosaicDomainTests.swift; sourceTree = "<group>"; };
		E03288782F4B271AE43F82F1 /* SupabaseMosaicAPI.swift */ = {isa = PBXFileReference; lastKnownFileType = sourcecode.swift; path = SupabaseMosaicAPI.swift; sourceTree = "<group>"; };
		E0DF350BDEA987AFDA3654A3 /* Fraunces72ptSoft-Regular.ttf */ = {isa = PBXFileReference; lastKnownFileType = file; path = "Fraunces72ptSoft-Regular.ttf"; sourceTree = "<group>"; };
		E0E79457F900AAA9959C2B84 /* MosaicTests.xctest */ = {isa = PBXFileReference; includeInIndex = 0; lastKnownFileType = wrapper.cfbundle; path = MosaicTests.xctest; sourceTree = BUILT_PRODUCTS_DIR; };
		E96307D9D976FB879EF6D7AE /* MosaicAppModel.swift */ = {isa = PBXFileReference; lastKnownFileType = sourcecode.swift; path = MosaicAppModel.swift; sourceTree = "<group>"; };
		EC812A800908552E8CFE7C6A /* MosaicPaywallView.swift */ = {isa = PBXFileReference; lastKnownFileType = sourcecode.swift; path = MosaicPaywallView.swift; sourceTree = "<group>"; };
		FBA23F6768BA44F5D75DB46A /* EventCameraView.swift */ = {isa = PBXFileReference; lastKnownFileType = sourcecode.swift; path = EventCameraView.swift; sourceTree = "<group>"; };
		FD94C24839A42B48EB4BFF4D /* RevenueCatBillingService.swift */ = {isa = PBXFileReference; lastKnownFileType = sourcecode.swift; path = RevenueCatBillingService.swift; sourceTree = "<group>"; };
/* End PBXFileReference section */

/* Begin PBXFrameworksBuildPhase section */
		25CCF20385D50F8EFE4CDFCB /* Frameworks */ = {
			isa = PBXFrameworksBuildPhase;
			buildActionMask = 2147483647;
			files = (
				BCF83F8D25D212CEAB37DE45 /* Supabase in Frameworks */,
				5F625B6E35783065AEE536FE /* RevenueCat in Frameworks */,
			);
			runOnlyForDeploymentPostprocessing = 0;
		};
/* End PBXFrameworksBuildPhase section */

/* Begin PBXGroup section */
		074C05AD1B390BEE446ABC54 /* Fonts */ = {
			isa = PBXGroup;
			children = (
				7A14B2E862265F9B959D28DD /* Fraunces72ptSoft-Bold.ttf */,
				E0DF350BDEA987AFDA3654A3 /* Fraunces72ptSoft-Regular.ttf */,
				34F5FA1882E23669931E2192 /* Fraunces72ptSoft-SemiBold.ttf */,
			);
			path = Fonts;
			sourceTree = "<group>";
		};
		0EDBC3358F308D8DB9DC302C /* Shared */ = {
			isa = PBXGroup;
			children = (
				2989954B5898BAB015EC0758 /* CoreComponents.swift */,
				B5CC74777F43E9D8F17C1D49 /* MosaicFeedback.swift */,
			);
			path = Shared;
			sourceTree = "<group>";
		};
		1002BF061743A4E49BC0C339 /* Products */ = {
			isa = PBXGroup;
			children = (
				46BE0753552E543A7768D0BB /* Mosaic.app */,
				E0E79457F900AAA9959C2B84 /* MosaicTests.xctest */,
				4A71ED4321FF692DB8A16330 /* MosaicUITests.xctest */,
			);
			name = Products;
			sourceTree = "<group>";
		};
		262F17C2E2CD3A1240405CCC /* Infrastructure */ = {
			isa = PBXGroup;
			children = (
				0A07638BD81BA5633A7D5CB3 /* AppleNonce.swift */,
				3B19788840710D6D643B0C25 /* ArtworkRevealCache.swift */,
				6B90602656FF1E71E3CBCAC3 /* CameraCaptureController.swift */,
				8A55086790D0F0DF5EFA66BB /* MosaicAPI.swift */,
				D7283FE20A288E91BE4B23D5 /* MosaicSupabase.swift */,
				C255AF7536E25528092AE5EE /* PhotoDiskStore.swift */,
				D9010EDF14E436CE1CEE18D8 /* PhotoRecapRenderer.swift */,
				FD94C24839A42B48EB4BFF4D /* RevenueCatBillingService.swift */,
				9DD380D7236D7175340D9CFE /* SensitivePhotoAnalyzer.swift */,
				E03288782F4B271AE43F82F1 /* SupabaseMosaicAPI.swift */,
			);
			path = Infrastructure;
			sourceTree = "<group>";
		};
		3D86FDA4BD1FE73C9536EDE3 /* Music */ = {
			isa = PBXGroup;
			children = (
				97CF91BC2C0037518215CEF3 /* anywhere.mp3 */,
				AA13C4ADDBE2C7601347CA6F /* fresh.mp3 */,
				668A5253D6793FBEF0B7E24C /* MusicManifest.json */,
				99FB8F456F7DF48E51EBF06D /* rise.mp3 */,
				8CF98203B54C8A13983B2F9E /* spark.mp3 */,
				CD1320C580DDCF0EF46CE0A0 /* summer.mp3 */,
				83EC718E388D5AAACB566BD8 /* zone.mp3 */,
			);
			path = Music;
			sourceTree = "<group>";
		};
		4CF4A1E6EEABF87B10E0271B /* Config */ = {
			isa = PBXGroup;
			children = (
				4852A50D45AD5D04B5868E9A /* AppStore.xcconfig */,
				0ED7C325BE77B5334DF90A35 /* Shipaton.xcconfig */,
			);
			path = Config;
			sourceTree = "<group>";
		};
		5E3159042B2C1956A084C27E /* Billing */ = {
			isa = PBXGroup;
			children = (
				EC812A800908552E8CFE7C6A /* MosaicPaywallView.swift */,
			);
			path = Billing;
			sourceTree = "<group>";
		};
		79E6EB174118A28EDE268054 /* Mosaics */ = {
			isa = PBXGroup;
			children = (
				38E05D84475436B5EB920201 /* CreateMosaicView.swift */,
				0F0C19DBD5ABDAC52556F149 /* EditMosaicView.swift */,
				832FAF0A0760BF74AD912612 /* JoinMosaicView.swift */,
				695010D553DF6E38A37FD0EF /* KindnessViews.swift */,
				D6E1AB1089352D467E60EF41 /* MosaicBoards.swift */,
				CF10C927F51EE087E897D627 /* MosaicEventView.swift */,
				1A076CB9FB1C9807D369AFCC /* MosaicsHomeView.swift */,
				268DE48A9B3CF7AC2BEF56F1 /* PhotoGalleryView.swift */,
			);
			path = Mosaics;
			sourceTree = "<group>";
		};
		8C67434CD35954A21A08B4B3 /* Stores */ = {
			isa = PBXGroup;
			children = (
				7F656FCF86B2D4C0E8C80D15 /* BillingStore.swift */,
				5746E0E07C0B266864424AE5 /* CameraStore.swift */,
				98A9213ACFEB642E7A5A9846 /* CreativeDraftStore.swift */,
				E96307D9D976FB879EF6D7AE /* MosaicAppModel.swift */,
				5548A36B34320EAA4600F453 /* MosaicCeremonyStores.swift */,
				0F360DA9461B3B31E038D3D6 /* MosaicDetailStore.swift */,
				28CD8C7A39BEF33829EF03F4 /* MosaicLibraryStore.swift */,
				4E2216BCC903355C6F118A56 /* SessionStore.swift */,
			);
			path = Stores;
			sourceTree = "<group>";
		};
		93EAD1979F5C8A4751D47B27 = {
			isa = PBXGroup;
			children = (
				4CF4A1E6EEABF87B10E0271B /* Config */,
				AEF0A5E74B6A28A812D7E488 /* DesignSystem */,
				F0648FA9B84A19521A963634 /* MosaicV3 */,
				D6C493FF4B172C8908345253 /* MosaicV3Tests */,
				C58C86A5D729E79D9FD48030 /* MosaicV3UITests */,
				B1AC54D2A8CA42A3379BCC6E /* Resources */,
				F8B89FF29915DA8F2676016F /* Services */,
				1002BF061743A4E49BC0C339 /* Products */,
			);
			sourceTree = "<group>";
		};
		A1F007363380DFDB32E520FE /* Camera */ = {
			isa = PBXGroup;
			children = (
				FBA23F6768BA44F5D75DB46A /* EventCameraView.swift */,
			);
			path = Camera;
			sourceTree = "<group>";
		};
		AC83A7631B1290DF0B3B9324 /* Domain */ = {
			isa = PBXGroup;
			children = (
				01A4D9B61CF1E87A40233B46 /* ArtworkRevealModels.swift */,
				BA012151B9ECED5F0DACAB28 /* BillingModels.swift */,
				8405AA276AA16CA8C5C71B98 /* EventPhotoModels.swift */,
				324C1A2929F6A279CD2F4531 /* KindnessModels.swift */,
				4C07BA24EB8814EE129BD400 /* MosaicModels.swift */,
				7768D6A51DF52D3AA0892A9D /* PhotoRecapModels.swift */,
				743B0ABD88ED30FE2CA1CD68 /* ShotLedger.swift */,
			);
			path = Domain;
			sourceTree = "<group>";
		};
		AEF0A5E74B6A28A812D7E488 /* DesignSystem */ = {
			isa = PBXGroup;
			children = (
				4B75E87D8BB006B2F9D408B2 /* MosaicTheme.swift */,
			);
			name = DesignSystem;
			path = Mosaic/DesignSystem;
			sourceTree = "<group>";
		};
		B1AC54D2A8CA42A3379BCC6E /* Resources */ = {
			isa = PBXGroup;
			children = (
				944596C8BA5E4EEB212DFA24 /* Assets.xcassets */,
				C59FFF674065747F91F88675 /* Info.plist */,
				942C6DD1D10844FD3FD9CCEF /* Mosaic.entitlements */,
				38AFD44F417E0B14B9A0E242 /* PrivacyInfo.xcprivacy */,
				074C05AD1B390BEE446ABC54 /* Fonts */,
				3D86FDA4BD1FE73C9536EDE3 /* Music */,
			);
			name = Resources;
			path = Mosaic/Resources;
			sourceTree = "<group>";
		};
		C58C86A5D729E79D9FD48030 /* MosaicV3UITests */ = {
			isa = PBXGroup;
			children = (
				04AA5F76989ACF7DF2775E56 /* MosaicFlowUITests.swift */,
			);
			path = MosaicV3UITests;
			sourceTree = "<group>";
		};
		C7F8766CF5510BE21BED42AD /* Account */ = {
			isa = PBXGroup;
			children = (
				D9EC96EC0FD6A5BC117FF030 /* SignInView.swift */,
				0E11E0119B3AC03BB2DCB687 /* YouView.swift */,
			);
			path = Account;
			sourceTree = "<group>";
		};
		D2A1EE4F6143AAFFFF1153F8 /* Recap */ = {
			isa = PBXGroup;
			children = (
				6EF0015FE33EFA745A1A83C0 /* PhotoRecapBuilderView.swift */,
			);
			path = Recap;
			sourceTree = "<group>";
		};
		D6C493FF4B172C8908345253 /* MosaicV3Tests */ = {
			isa = PBXGroup;
			children = (
				B8C2C3A81B96E02AB01EBAE8 /* ArtworkRevealCacheTests.swift */,
				49F68F2C6362B3F00D226487 /* BillingTests.swift */,
				7B29F69292F8CE84FFA3566C /* DisposableCameraFilterV3Tests.swift */,
				CF5624F0E6E884DACB5FB900 /* MosaicCeremonyTests.swift */,
				DDB79E0B3FC7C095141049EC /* MosaicDomainTests.swift */,
				3BB46783C1FE18D846367D28 /* MosaicPrivateStateTests.swift */,
				4E04A6798511D2484379DFC2 /* MosaicRouterTests.swift */,
				928294F02C91BCA8CAEC765E /* PhotoDiskStoreTests.swift */,
				B2A5B08AC112FFDABEECE5C7 /* PhotoRecapTests.swift */,
				62CD7783C4B19A1A6CBFDEA7 /* SessionStoreTests.swift */,
				DAE4FD23976BC42503ADD248 /* ShotLedgerTests.swift */,
			);
			path = MosaicV3Tests;
			sourceTree = "<group>";
		};
		E7F7BEC9C68150DEF5160826 /* Features */ = {
			isa = PBXGroup;
			children = (
				C7F8766CF5510BE21BED42AD /* Account */,
				5E3159042B2C1956A084C27E /* Billing */,
				A1F007363380DFDB32E520FE /* Camera */,
				79E6EB174118A28EDE268054 /* Mosaics */,
				D2A1EE4F6143AAFFFF1153F8 /* Recap */,
				0EDBC3358F308D8DB9DC302C /* Shared */,
			);
			path = Features;
			sourceTree = "<group>";
		};
		F0648FA9B84A19521A963634 /* MosaicV3 */ = {
			isa = PBXGroup;
			children = (
				FE2FB73CC637A94656301FA2 /* App */,
				AC83A7631B1290DF0B3B9324 /* Domain */,
				E7F7BEC9C68150DEF5160826 /* Features */,
				262F17C2E2CD3A1240405CCC /* Infrastructure */,
				8C67434CD35954A21A08B4B3 /* Stores */,
			);
			path = MosaicV3;
			sourceTree = "<group>";
		};
		F8B89FF29915DA8F2676016F /* Services */ = {
			isa = PBXGroup;
			children = (
				11E6117DE84F0A8A732F0EBA /* DisposableCameraFilter.swift */,
			);
			name = Services;
			path = Mosaic/Services;
			sourceTree = "<group>";
		};
		FE2FB73CC637A94656301FA2 /* App */ = {
			isa = PBXGroup;
			children = (
				D8DFA16D4904C0664C442528 /* MosaicRootView.swift */,
				BBDF3C7643EBD688F9485E40 /* MosaicRoute.swift */,
				20AECA3BC21A67B782AE5A23 /* MosaicShowcase.swift */,
				D95F47FD156655E6B6C8CB58 /* MosaicV3App.swift */,
			);
			path = App;
			sourceTree = "<group>";
		};
/* End PBXGroup section */

/* Begin PBXNativeTarget section */
		85360A0EBD494CAD42FFE377 /* MosaicTests */ = {
			isa = PBXNativeTarget;
			buildConfigurationList = E778F38BA7D9B3F4ED0ADBC9 /* Build configuration list for PBXNativeTarget "MosaicTests" */;
			buildPhases = (
				8AE949DFB9FA00605B4D7F16 /* Sources */,
			);
			buildRules = (
			);
			dependencies = (
				7CCF0E3F66E15A42C25683F7 /* PBXTargetDependency */,
			);
			name = MosaicTests;
			packageProductDependencies = (
			);
			productName = MosaicTests;
			productReference = E0E79457F900AAA9959C2B84 /* MosaicTests.xctest */;
			productType = "com.apple.product-type.bundle.unit-test";
		};
		A82C4FFABD4E9E03E898B931 /* MosaicUITests */ = {
			isa = PBXNativeTarget;
			buildConfigurationList = 7EDE63F7E51F0F5DB4885F61 /* Build configuration list for PBXNativeTarget "MosaicUITests" */;
			buildPhases = (
				27715CACA95B7A984247DDBA /* Sources */,
			);
			buildRules = (
			);
			dependencies = (
				8221E14E7FE85E2989E2381D /* PBXTargetDependency */,
			);
			name = MosaicUITests;
			packageProductDependencies = (
			);
			productName = MosaicUITests;
			productReference = 4A71ED4321FF692DB8A16330 /* MosaicUITests.xctest */;
			productType = "com.apple.product-type.bundle.ui-testing";
		};
		CF261331CEC9474675E64FD3 /* Mosaic */ = {
			isa = PBXNativeTarget;
			buildConfigurationList = 59E00CB493BF5131C0F562FA /* Build configuration list for PBXNativeTarget "Mosaic" */;
			buildPhases = (
				1F3804760200D11549EAE9EA /* Sources */,
				F7DA43A39F8D7024AFA9F8AE /* Resources */,
				25CCF20385D50F8EFE4CDFCB /* Frameworks */,
			);
			buildRules = (
			);
			dependencies = (
			);
			name = Mosaic;
			packageProductDependencies = (
				615230DFE2B2B119766440EE /* Supabase */,
				D7441EBCAD7132497B97D6D8 /* RevenueCat */,
			);
			productName = Mosaic;
			productReference = 46BE0753552E543A7768D0BB /* Mosaic.app */;
			productType = "com.apple.product-type.application";
		};
/* End PBXNativeTarget section */

/* Begin PBXProject section */
		CFB5A8D7D5E9600E23EAA04E /* Project object */ = {
			isa = PBXProject;
			attributes = {
				BuildIndependentTargetsInParallel = YES;
				LastUpgradeCheck = 1430;
				TargetAttributes = {
					85360A0EBD494CAD42FFE377 = {
						DevelopmentTeam = KFH848D5D7;
						ProvisioningStyle = Automatic;
					};
					A82C4FFABD4E9E03E898B931 = {
						DevelopmentTeam = KFH848D5D7;
						ProvisioningStyle = Automatic;
						TestTargetID = CF261331CEC9474675E64FD3;
					};
					CF261331CEC9474675E64FD3 = {
						DevelopmentTeam = KFH848D5D7;
						ProvisioningStyle = Automatic;
						SystemCapabilities = {
							com.apple.InAppPurchase = {
								enabled = 1;
							};
							com.apple.SignInWithApple = {
								enabled = 1;
							};
						};
					};
				};
			};
			buildConfigurationList = 14EB83E4F6A2A6C086643429 /* Build configuration list for PBXProject "Mosaic" */;
			developmentRegion = en;
			hasScannedForEncodings = 0;
			knownRegions = (
				Base,
				en,
			);
			mainGroup = 93EAD1979F5C8A4751D47B27;
			minimizedProjectReferenceProxies = 1;
			packageReferences = (
				69873D8A3B08AC2FB9766532 /* XCRemoteSwiftPackageReference "purchases-ios-spm" */,
				19CA073DCB0A9225B738BE92 /* XCRemoteSwiftPackageReference "supabase-swift" */,
			);
			preferredProjectObjectVersion = 77;
			productRefGroup = 1002BF061743A4E49BC0C339 /* Products */;
			projectDirPath = "";
			projectRoot = "";
			targets = (
				CF261331CEC9474675E64FD3 /* Mosaic */,
				85360A0EBD494CAD42FFE377 /* MosaicTests */,
				A82C4FFABD4E9E03E898B931 /* MosaicUITests */,
			);
		};
/* End PBXProject section */

/* Begin PBXResourcesBuildPhase section */
		F7DA43A39F8D7024AFA9F8AE /* Resources */ = {
			isa = PBXResourcesBuildPhase;
			buildActionMask = 2147483647;
			files = (
				C27D3E725D985AB2428D1611 /* Assets.xcassets in Resources */,
				A994C4B1AE17D08A1BA26B62 /* Fraunces72ptSoft-Bold.ttf in Resources */,
				C3B9235B41400827EFFBF9FA /* Fraunces72ptSoft-Regular.ttf in Resources */,
				6AA86718548947286165A619 /* Fraunces72ptSoft-SemiBold.ttf in Resources */,
				E2DB6188800834A70FDC54F6 /* MusicManifest.json in Resources */,
				2AB73D7273C17FF58CA3F44B /* PrivacyInfo.xcprivacy in Resources */,
				AC16A171EF7F8ED6B762A64D /* anywhere.mp3 in Resources */,
				A7C095898C29244B2E8BAD5E /* fresh.mp3 in Resources */,
				688CB93C62547AA0DCBDAC62 /* rise.mp3 in Resources */,
				E2DBD15E82787C376734988E /* spark.mp3 in Resources */,
				0F406555C7556532F4299170 /* summer.mp3 in Resources */,
				26BBDA5A7AFDFA15F95FC412 /* zone.mp3 in Resources */,
			);
			runOnlyForDeploymentPostprocessing = 0;
		};
/* End PBXResourcesBuildPhase section */

/* Begin PBXSourcesBuildPhase section */
		1F3804760200D11549EAE9EA /* Sources */ = {
			isa = PBXSourcesBuildPhase;
			buildActionMask = 2147483647;
			files = (
				270D76B9D9A488F0E51BB271 /* AppleNonce.swift in Sources */,
				4C9FF26E66C1777CE065E08A /* ArtworkRevealCache.swift in Sources */,
				11714194CDCB37B8C985AEC8 /* ArtworkRevealModels.swift in Sources */,
				5610DDCA5DF05C0570376D15 /* BillingModels.swift in Sources */,
				3A4B063FE9F189200AD40E48 /* BillingStore.swift in Sources */,
				11C50F6A169DAA7D2E01D448 /* CameraCaptureController.swift in Sources */,
				D7DE9972CBF1D485A3C6C50C /* CameraStore.swift in Sources */,
				5DA9D850C4E5272C097E8305 /* CoreComponents.swift in Sources */,
				38421DA4392A121693DE69BB /* CreateMosaicView.swift in Sources */,
				803CF28E63C36AA87109B7FA /* CreativeDraftStore.swift in Sources */,
				859ACC190098EA1A35145225 /* DisposableCameraFilter.swift in Sources */,
				5430F0F03262767B265C2248 /* EditMosaicView.swift in Sources */,
				D7D8A9191667B6DA500A68D2 /* EventCameraView.swift in Sources */,
				00D9491C059C091F4ED12436 /* EventPhotoModels.swift in Sources */,
				61BB0A196521DC116DBF03C4 /* JoinMosaicView.swift in Sources */,
				0AFF7EE505F3D1A5246E5AC8 /* KindnessModels.swift in Sources */,
				11A6056184C50233CD5D5444 /* KindnessViews.swift in Sources */,
				7BABECCA66A23E1F2DB9D552 /* MosaicAPI.swift in Sources */,
				1B8D51B378ECD545DF1D0482 /* MosaicAppModel.swift in Sources */,
				05690C0806E452C85B17E2F9 /* MosaicBoards.swift in Sources */,
				1CBDA52C2E4B5AF7F1A9D793 /* MosaicCeremonyStores.swift in Sources */,
				DCE9373147B9AF51DE1D803B /* MosaicDetailStore.swift in Sources */,
				F605D23F74E7A84B283CDFB4 /* MosaicEventView.swift in Sources */,
				73C7C589929B586AF14BD75E /* MosaicFeedback.swift in Sources */,
				F58EDEA67EA92F0DB53AD33C /* MosaicLibraryStore.swift in Sources */,
				DD62C78E5AA9587D10241B83 /* MosaicModels.swift in Sources */,
				01A61E5C53ACF904BE988EF8 /* MosaicPaywallView.swift in Sources */,
				B0F8D501E577CC0694E500D9 /* MosaicRootView.swift in Sources */,
				B9CADF34B80DDDFE241B8B55 /* MosaicRoute.swift in Sources */,
				EAF65CBC1DECA4CF73D97771 /* MosaicShowcase.swift in Sources */,
				893C1D8B6100A94931550C90 /* MosaicSupabase.swift in Sources */,
				D6C40250674381FEAAA5E9B3 /* MosaicTheme.swift in Sources */,
				A056D84CE79DD2C386FA0561 /* MosaicV3App.swift in Sources */,
				B18FBDDFB30E2AE3C6DD3C9C /* MosaicsHomeView.swift in Sources */,
				B61CE785CF98D83D1632188B /* PhotoDiskStore.swift in Sources */,
				2DF2FE849FD18215BF0047ED /* PhotoGalleryView.swift in Sources */,
				87D82CA20C3FBBE1BF426F1A /* PhotoRecapBuilderView.swift in Sources */,
				E7976D6BB99A4260B195EE09 /* PhotoRecapModels.swift in Sources */,
				43BA04C0960CB4B26F63E730 /* PhotoRecapRenderer.swift in Sources */,
				8A0BFD8767223E87AE744DCB /* RevenueCatBillingService.swift in Sources */,
				57B41DFBD2592FC8BE58C201 /* SensitivePhotoAnalyzer.swift in Sources */,
				FE52CD676DCD3F4EF87B43F1 /* SessionStore.swift in Sources */,
				22885C460D0FB54150760246 /* ShotLedger.swift in Sources */,
				AE358AD26A019385B2698C93 /* SignInView.swift in Sources */,
				7C8379AAF7322F72777FEAD2 /* SupabaseMosaicAPI.swift in Sources */,
				2A2AE8380E9E774F3D9D3791 /* YouView.swift in Sources */,
			);
			runOnlyForDeploymentPostprocessing = 0;
		};
		27715CACA95B7A984247DDBA /* Sources */ = {
			isa = PBXSourcesBuildPhase;
			buildActionMask = 2147483647;
			files = (
				678495AA9911B4E0BD734B4F /* MosaicFlowUITests.swift in Sources */,
			);
			runOnlyForDeploymentPostprocessing = 0;
		};
		8AE949DFB9FA00605B4D7F16 /* Sources */ = {
			isa = PBXSourcesBuildPhase;
			buildActionMask = 2147483647;
			files = (
				CC3D71E5FF629317E52ECE63 /* ArtworkRevealCacheTests.swift in Sources */,
				F39BF130A16D777348F587F2 /* BillingTests.swift in Sources */,
				C077A28D9D18F6F8E39105FF /* DisposableCameraFilterV3Tests.swift in Sources */,
				6009603980C440BD410693EE /* MosaicCeremonyTests.swift in Sources */,
				C4048FB44965B7C8939F86F0 /* MosaicDomainTests.swift in Sources */,
				ED38D23ABBEEFDCA0F02301D /* MosaicPrivateStateTests.swift in Sources */,
				A52108B56AB6B46335A7BCF0 /* MosaicRouterTests.swift in Sources */,
				8977D2AF82915193420DFBA3 /* PhotoDiskStoreTests.swift in Sources */,
				E2219D6009617967B8733843 /* PhotoRecapTests.swift in Sources */,
				33F443E3852AF9E72905F9FB /* SessionStoreTests.swift in Sources */,
				A6A62930D15F9341AF1461FC /* ShotLedgerTests.swift in Sources */,
			);
			runOnlyForDeploymentPostprocessing = 0;
		};
/* End PBXSourcesBuildPhase section */

/* Begin PBXTargetDependency section */
		7CCF0E3F66E15A42C25683F7 /* PBXTargetDependency */ = {
			isa = PBXTargetDependency;
			target = CF261331CEC9474675E64FD3 /* Mosaic */;
			targetProxy = B079B547470315AD4DAAA791 /* PBXContainerItemProxy */;
		};
		8221E14E7FE85E2989E2381D /* PBXTargetDependency */ = {
			isa = PBXTargetDependency;
			target = CF261331CEC9474675E64FD3 /* Mosaic */;
			targetProxy = 3989F46F96DCC86AD5C64AE7 /* PBXContainerItemProxy */;
		};
/* End PBXTargetDependency section */

/* Begin XCBuildConfiguration section */
		37CDC2744CC2E8486334A675 /* Debug */ = {
			isa = XCBuildConfiguration;
			buildSettings = {
				BUNDLE_LOADER = "$(TEST_HOST)";
				CODE_SIGN_STYLE = Automatic;
				DEVELOPMENT_TEAM = KFH848D5D7;
				GENERATE_INFOPLIST_FILE = YES;
				LD_RUNPATH_SEARCH_PATHS = (
					"$(inherited)",
					"@executable_path/Frameworks",
					"@loader_path/Frameworks",
				);
				PRODUCT_BUNDLE_IDENTIFIER = com.mosaic.MosaicTests;
				SDKROOT = iphoneos;
				TARGETED_DEVICE_FAMILY = "1,2";
				TEST_HOST = "$(BUILT_PRODUCTS_DIR)/Mosaic.app/Mosaic";
			};
			name = Debug;
		};
		43D6CA3D9C4D1B7ADF2B6F00 /* Debug */ = {
			isa = XCBuildConfiguration;
			buildSettings = {
				BUNDLE_LOADER = "$(TEST_HOST)";
				CODE_SIGN_STYLE = Automatic;
				DEVELOPMENT_TEAM = KFH848D5D7;
				GENERATE_INFOPLIST_FILE = YES;
				LD_RUNPATH_SEARCH_PATHS = (
					"$(inherited)",
					"@executable_path/Frameworks",
					"@loader_path/Frameworks",
				);
				PRODUCT_BUNDLE_IDENTIFIER = com.mosaic.MosaicUITests;
				SDKROOT = iphoneos;
				TARGETED_DEVICE_FAMILY = "1,2";
				TEST_TARGET_NAME = Mosaic;
			};
			name = Debug;
		};
		5768CC178F26CEA521607368 /* Release */ = {
			isa = XCBuildConfiguration;
			buildSettings = {
				ALWAYS_SEARCH_USER_PATHS = NO;
				CLANG_ANALYZER_NONNULL = YES;
				CLANG_ANALYZER_NUMBER_OBJECT_CONVERSION = YES_AGGRESSIVE;
				CLANG_CXX_LANGUAGE_STANDARD = "gnu++14";
				CLANG_CXX_LIBRARY = "libc++";
				CLANG_ENABLE_MODULES = YES;
				CLANG_ENABLE_OBJC_ARC = YES;
				CLANG_ENABLE_OBJC_WEAK = YES;
				CLANG_WARN_BLOCK_CAPTURE_AUTORELEASING = YES;
				CLANG_WARN_BOOL_CONVERSION = YES;
				CLANG_WARN_COMMA = YES;
				CLANG_WARN_CONSTANT_CONVERSION = YES;
				CLANG_WARN_DEPRECATED_OBJC_IMPLEMENTATIONS = YES;
				CLANG_WARN_DIRECT_OBJC_ISA_USAGE = YES_ERROR;
				CLANG_WARN_DOCUMENTATION_COMMENTS = YES;
				CLANG_WARN_EMPTY_BODY = YES;
				CLANG_WARN_ENUM_CONVERSION = YES;
				CLANG_WARN_INFINITE_RECURSION = YES;
				CLANG_WARN_INT_CONVERSION = YES;
				CLANG_WARN_NON_LITERAL_NULL_CONVERSION = YES;
				CLANG_WARN_OBJC_IMPLICIT_RETAIN_SELF = YES;
				CLANG_WARN_OBJC_LITERAL_CONVERSION = YES;
				CLANG_WARN_OBJC_ROOT_CLASS = YES_ERROR;
				CLANG_WARN_QUOTED_INCLUDE_IN_FRAMEWORK_HEADER = YES;
				CLANG_WARN_RANGE_LOOP_ANALYSIS = YES;
				CLANG_WARN_STRICT_PROTOTYPES = YES;
				CLANG_WARN_SUSPICIOUS_MOVE = YES;
				CLANG_WARN_UNGUARDED_AVAILABILITY = YES_AGGRESSIVE;
				CLANG_WARN_UNREACHABLE_CODE = YES;
				CLANG_WARN__DUPLICATE_METHOD_MATCH = YES;
				CODE_SIGN_STYLE = Automatic;
				COPY_PHASE_STRIP = NO;
				DEBUG_INFORMATION_FORMAT = "dwarf-with-dsym";
				ENABLE_NS_ASSERTIONS = NO;
				ENABLE_STRICT_OBJC_MSGSEND = YES;
				GCC_C_LANGUAGE_STANDARD = gnu11;
				GCC_NO_COMMON_BLOCKS = YES;
				GCC_WARN_64_TO_32_BIT_CONVERSION = YES;
				GCC_WARN_ABOUT_RETURN_TYPE = YES_ERROR;
				GCC_WARN_UNDECLARED_SELECTOR = YES;
				GCC_WARN_UNINITIALIZED_AUTOS = YES_AGGRESSIVE;
				GCC_WARN_UNUSED_FUNCTION = YES;
				GCC_WARN_UNUSED_VARIABLE = YES;
				IPHONEOS_DEPLOYMENT_TARGET = 18.0;
				MTL_ENABLE_DEBUG_INFO = NO;
				MTL_FAST_MATH = YES;
				PRODUCT_NAME = "$(TARGET_NAME)";
				SDKROOT = iphoneos;
				SUPABASE_PUBLISHABLE_KEY = sb_publishable_8qeng2xEiQUxUyzkNMQ_pA_6j1rQsGU;
				SUPABASE_URL = "https://lmemddtpwfbkawlkwthf.supabase.co";
				SWIFT_COMPILATION_MODE = wholemodule;
				SWIFT_OPTIMIZATION_LEVEL = "-O";
				SWIFT_VERSION = 6.0;
			};
			name = Release;
		};
		87AC2EE949CA8D0601A483C8 /* Release */ = {
			isa = XCBuildConfiguration;
			buildSettings = {
				BUNDLE_LOADER = "$(TEST_HOST)";
				CODE_SIGN_STYLE = Automatic;
				DEVELOPMENT_TEAM = KFH848D5D7;
				GENERATE_INFOPLIST_FILE = YES;
				LD_RUNPATH_SEARCH_PATHS = (
					"$(inherited)",
					"@executable_path/Frameworks",
					"@loader_path/Frameworks",
				);
				PRODUCT_BUNDLE_IDENTIFIER = com.mosaic.MosaicTests;
				SDKROOT = iphoneos;
				TARGETED_DEVICE_FAMILY = "1,2";
				TEST_HOST = "$(BUILT_PRODUCTS_DIR)/Mosaic.app/Mosaic";
			};
			name = Release;
		};
		909E60C63E5CA217FCF44F70 /* Release */ = {
			isa = XCBuildConfiguration;
			baseConfigurationReference = 4852A50D45AD5D04B5868E9A /* AppStore.xcconfig */;
			buildSettings = {
				ASSETCATALOG_COMPILER_APPICON_NAME = AppIcon;
				ASSETCATALOG_COMPILER_GLOBAL_ACCENT_COLOR_NAME = AccentColor;
				CODE_SIGN_ENTITLEMENTS = Mosaic/Resources/Mosaic.entitlements;
				CODE_SIGN_IDENTITY = "iPhone Developer";
				DEVELOPMENT_TEAM = KFH848D5D7;
				INFOPLIST_FILE = Mosaic/Resources/Info.plist;
				LD_RUNPATH_SEARCH_PATHS = (
					"$(inherited)",
					"@executable_path/Frameworks",
				);
				MOSAIC_BILLING_ENABLED = YES;
				PRODUCT_BUNDLE_IDENTIFIER = com.biswaskhatiwada.mosaicapp;
				REVENUECAT_PUBLIC_SDK_KEY = "$(REVENUECAT_APP_STORE_PUBLIC_KEY)";
				SDKROOT = iphoneos;
				TARGETED_DEVICE_FAMILY = 1;
			};
			name = Release;
		};
		A5A5A2DE47512D2BA55506A7 /* Debug */ = {
			isa = XCBuildConfiguration;
			buildSettings = {
				ALWAYS_SEARCH_USER_PATHS = NO;
				CLANG_ANALYZER_NONNULL = YES;
				CLANG_ANALYZER_NUMBER_OBJECT_CONVERSION = YES_AGGRESSIVE;
				CLANG_CXX_LANGUAGE_STANDARD = "gnu++14";
				CLANG_CXX_LIBRARY = "libc++";
				CLANG_ENABLE_MODULES = YES;
				CLANG_ENABLE_OBJC_ARC = YES;
				CLANG_ENABLE_OBJC_WEAK = YES;
				CLANG_WARN_BLOCK_CAPTURE_AUTORELEASING = YES;
				CLANG_WARN_BOOL_CONVERSION = YES;
				CLANG_WARN_COMMA = YES;
				CLANG_WARN_CONSTANT_CONVERSION = YES;
				CLANG_WARN_DEPRECATED_OBJC_IMPLEMENTATIONS = YES;
				CLANG_WARN_DIRECT_OBJC_ISA_USAGE = YES_ERROR;
				CLANG_WARN_DOCUMENTATION_COMMENTS = YES;
				CLANG_WARN_EMPTY_BODY = YES;
				CLANG_WARN_ENUM_CONVERSION = YES;
				CLANG_WARN_INFINITE_RECURSION = YES;
				CLANG_WARN_INT_CONVERSION = YES;
				CLANG_WARN_NON_LITERAL_NULL_CONVERSION = YES;
				CLANG_WARN_OBJC_IMPLICIT_RETAIN_SELF = YES;
				CLANG_WARN_OBJC_LITERAL_CONVERSION = YES;
				CLANG_WARN_OBJC_ROOT_CLASS = YES_ERROR;
				CLANG_WARN_QUOTED_INCLUDE_IN_FRAMEWORK_HEADER = YES;
				CLANG_WARN_RANGE_LOOP_ANALYSIS = YES;
				CLANG_WARN_STRICT_PROTOTYPES = YES;
				CLANG_WARN_SUSPICIOUS_MOVE = YES;
				CLANG_WARN_UNGUARDED_AVAILABILITY = YES_AGGRESSIVE;
				CLANG_WARN_UNREACHABLE_CODE = YES;
				CLANG_WARN__DUPLICATE_METHOD_MATCH = YES;
				CODE_SIGN_STYLE = Automatic;
				COPY_PHASE_STRIP = NO;
				DEBUG_INFORMATION_FORMAT = dwarf;
				ENABLE_STRICT_OBJC_MSGSEND = YES;
				ENABLE_TESTABILITY = YES;
				GCC_C_LANGUAGE_STANDARD = gnu11;
				GCC_DYNAMIC_NO_PIC = NO;
				GCC_NO_COMMON_BLOCKS = YES;
				GCC_OPTIMIZATION_LEVEL = 0;
				GCC_PREPROCESSOR_DEFINITIONS = (
					"$(inherited)",
					"DEBUG=1",
				);
				GCC_WARN_64_TO_32_BIT_CONVERSION = YES;
				GCC_WARN_ABOUT_RETURN_TYPE = YES_ERROR;
				GCC_WARN_UNDECLARED_SELECTOR = YES;
				GCC_WARN_UNINITIALIZED_AUTOS = YES_AGGRESSIVE;
				GCC_WARN_UNUSED_FUNCTION = YES;
				GCC_WARN_UNUSED_VARIABLE = YES;
				IPHONEOS_DEPLOYMENT_TARGET = 18.0;
				MTL_ENABLE_DEBUG_INFO = INCLUDE_SOURCE;
				MTL_FAST_MATH = YES;
				ONLY_ACTIVE_ARCH = YES;
				PRODUCT_NAME = "$(TARGET_NAME)";
				SDKROOT = iphoneos;
				SUPABASE_PUBLISHABLE_KEY = sb_publishable_8qeng2xEiQUxUyzkNMQ_pA_6j1rQsGU;
				SUPABASE_URL = "https://lmemddtpwfbkawlkwthf.supabase.co";
				SWIFT_ACTIVE_COMPILATION_CONDITIONS = DEBUG;
				SWIFT_OPTIMIZATION_LEVEL = "-Onone";
				SWIFT_VERSION = 6.0;
			};
			name = Debug;
		};
		AFAE8B2B275E0CCD696F1D1C /* Release */ = {
			isa = XCBuildConfiguration;
			buildSettings = {
				BUNDLE_LOADER = "$(TEST_HOST)";
				CODE_SIGN_STYLE = Automatic;
				DEVELOPMENT_TEAM = KFH848D5D7;
				GENERATE_INFOPLIST_FILE = YES;
				LD_RUNPATH_SEARCH_PATHS = (
					"$(inherited)",
					"@executable_path/Frameworks",
					"@loader_path/Frameworks",
				);
				PRODUCT_BUNDLE_IDENTIFIER = com.mosaic.MosaicUITests;
				SDKROOT = iphoneos;
				TARGETED_DEVICE_FAMILY = "1,2";
				TEST_TARGET_NAME = Mosaic;
			};
			name = Release;
		};
		CB28C99CFF75D1AD991C04E3 /* Debug */ = {
			isa = XCBuildConfiguration;
			baseConfigurationReference = 0ED7C325BE77B5334DF90A35 /* Shipaton.xcconfig */;
			buildSettings = {
				ASSETCATALOG_COMPILER_APPICON_NAME = AppIcon;
				ASSETCATALOG_COMPILER_GLOBAL_ACCENT_COLOR_NAME = AccentColor;
				CODE_SIGN_ENTITLEMENTS = Mosaic/Resources/Mosaic.entitlements;
				CODE_SIGN_IDENTITY = "iPhone Developer";
				DEVELOPMENT_TEAM = KFH848D5D7;
				INFOPLIST_FILE = Mosaic/Resources/Info.plist;
				LD_RUNPATH_SEARCH_PATHS = (
					"$(inherited)",
					"@executable_path/Frameworks",
				);
				MOSAIC_BILLING_ENABLED = YES;
				MOSAIC_SUBMISSION_NAME = "RevenueCat Shipaton 2026 Next Gen judge build";
				PRODUCT_BUNDLE_IDENTIFIER = com.biswaskhatiwada.mosaicapp;
				REVENUECAT_PUBLIC_SDK_KEY = "$(REVENUECAT_TEST_STORE_PUBLIC_KEY)";
				SDKROOT = iphoneos;
				TARGETED_DEVICE_FAMILY = 1;
			};
			name = Debug;
		};
/* End XCBuildConfiguration section */

/* Begin XCConfigurationList section */
		14EB83E4F6A2A6C086643429 /* Build configuration list for PBXProject "Mosaic" */ = {
			isa = XCConfigurationList;
			buildConfigurations = (
				A5A5A2DE47512D2BA55506A7 /* Debug */,
				5768CC178F26CEA521607368 /* Release */,
			);
			defaultConfigurationIsVisible = 0;
			defaultConfigurationName = Debug;
		};
		59E00CB493BF5131C0F562FA /* Build configuration list for PBXNativeTarget "Mosaic" */ = {
			isa = XCConfigurationList;
			buildConfigurations = (
				CB28C99CFF75D1AD991C04E3 /* Debug */,
				909E60C63E5CA217FCF44F70 /* Release */,
			);
			defaultConfigurationIsVisible = 0;
			defaultConfigurationName = Debug;
		};
		7EDE63F7E51F0F5DB4885F61 /* Build configuration list for PBXNativeTarget "MosaicUITests" */ = {
			isa = XCConfigurationList;
			buildConfigurations = (
				43D6CA3D9C4D1B7ADF2B6F00 /* Debug */,
				AFAE8B2B275E0CCD696F1D1C /* Release */,
			);
			defaultConfigurationIsVisible = 0;
			defaultConfigurationName = Debug;
		};
		E778F38BA7D9B3F4ED0ADBC9 /* Build configuration list for PBXNativeTarget "MosaicTests" */ = {
			isa = XCConfigurationList;
			buildConfigurations = (
				37CDC2744CC2E8486334A675 /* Debug */,
				87AC2EE949CA8D0601A483C8 /* Release */,
			);
			defaultConfigurationIsVisible = 0;
			defaultConfigurationName = Debug;
		};
/* End XCConfigurationList section */

/* Begin XCRemoteSwiftPackageReference section */
		19CA073DCB0A9225B738BE92 /* XCRemoteSwiftPackageReference "supabase-swift" */ = {
			isa = XCRemoteSwiftPackageReference;
			repositoryURL = "https://github.com/supabase/supabase-swift.git";
			requirement = {
				kind = exactVersion;
				version = 2.54.1;
			};
		};
		69873D8A3B08AC2FB9766532 /* XCRemoteSwiftPackageReference "purchases-ios-spm" */ = {
			isa = XCRemoteSwiftPackageReference;
			repositoryURL = "https://github.com/RevenueCat/purchases-ios-spm.git";
			requirement = {
				kind = exactVersion;
				version = 5.82.0;
			};
		};
/* End XCRemoteSwiftPackageReference section */

/* Begin XCSwiftPackageProductDependency section */
		615230DFE2B2B119766440EE /* Supabase */ = {
			isa = XCSwiftPackageProductDependency;
			package = 19CA073DCB0A9225B738BE92 /* XCRemoteSwiftPackageReference "supabase-swift" */;
			productName = Supabase;
		};
		D7441EBCAD7132497B97D6D8 /* RevenueCat */ = {
			isa = XCSwiftPackageProductDependency;
			package = 69873D8A3B08AC2FB9766532 /* XCRemoteSwiftPackageReference "purchases-ios-spm" */;
			productName = RevenueCat;
		};
/* End XCSwiftPackageProductDependency section */
	};
	rootObject = CFB5A8D7D5E9600E23EAA04E /* Project object */;
}
